
Microsoft Visual Studio Solution File, Format Version 12.00
# Visual Studio 15
VisualStudioVersion = 15.0.28307.1259
MinimumVisualStudioVersion = 10.0.40219.1
Project("{8BC9CEB8-8B4A-11D0-8D11-00A0C91BC942}") = "HW", "HW\HW.vcxproj", "{B09EDDF5-FE6C-4BAA-A61E-9927CC88B0C9}"
EndProject
Global
	GlobalSection(SolutionConfigurationPlatforms) = preSolution
		Debug|x64 = Debug|x64
		Debug|x86 = Debug|x86
		Release|x64 = Release|x64
		Release|x86 = Release|x86
	EndGlobalSection
	GlobalSection(ProjectConfigurationPlatforms) = postSolution
		{B09EDDF5-FE6C-4BAA-A61E-9927CC88B0C9}.Debug|x64.ActiveCfg = Debug|x64
		{B09EDDF5-FE6C-4BAA-A61E-9927CC88B0C9}.Debug|x64.Build.0 = Debug|x64
		{B09EDDF5-FE6C-4BAA-A61E-9927CC88B0C9}.Debug|x86.ActiveCfg = Debug|Win32
		{B09EDDF5-FE6C-4BAA-A61E-9927CC88B0C9}.Debug|x86.Build.0 = Debug|Win32
		{B09EDDF5-FE6C-4BAA-A61E-9927CC88B0C9}.Release|x64.ActiveCfg = Release|x64
		{B09EDDF5-FE6C-4BAA-A61E-9927CC88B0C9}.Release|x64.Build.0 = Release|x64
		{B09EDDF5-FE6C-4BAA-A61E-9927CC88B0C9}.Release|x86.ActiveCfg = Release|Win32
		{B09EDDF5-FE6C-4BAA-A61E-9927CC88B0C9}.Release|x86.Build.0 = Release|Win32
	EndGlobalSection
	GlobalSection(SolutionProperties) = preSolution
		HideSolutionNode = FALSE
	EndGlobalSection
	GlobalSection(ExtensibilityGlobals) = postSolution
		SolutionGuid = {512D1EA9-FBAB-4737-972E-53E3BA93100F}
	EndGlobalSection
EndGlobal
